
Microsoft Visual Studio Solution File, Format Version 12.00
# Visual Studio Version 16
VisualStudioVersion = 16.0.30225.117
MinimumVisualStudioVersion = 10.0.40219.1
Project("{FAE04EC0-301F-11D3-BF4B-00C04F79EFBC}") = "Quiz06-linh", "Quiz06-linh\Quiz06-linh.csproj", "{6ACC387B-C026-4C65-867F-6648451C00AA}"
EndProject
Global
	GlobalSection(SolutionConfigurationPlatforms) = preSolution
		Debug|Any CPU = Debug|Any CPU
		Release|Any CPU = Release|Any CPU
	EndGlobalSection
	GlobalSection(ProjectConfigurationPlatforms) = postSolution
		{6ACC387B-C026-4C65-867F-6648451C00AA}.Debug|Any CPU.ActiveCfg = Debug|Any CPU
		{6ACC387B-C026-4C65-867F-6648451C00AA}.Debug|Any CPU.Build.0 = Debug|Any CPU
		{6ACC387B-C026-4C65-867F-6648451C00AA}.Release|Any CPU.ActiveCfg = Release|Any CPU
		{6ACC387B-C026-4C65-867F-6648451C00AA}.Release|Any CPU.Build.0 = Release|Any CPU
	EndGlobalSection
	GlobalSection(SolutionProperties) = preSolution
		HideSolutionNode = FALSE
	EndGlobalSection
	GlobalSection(ExtensibilityGlobals) = postSolution
		SolutionGuid = {56F26CFD-6230-4A44-80FF-BD96E4AFC441}
	EndGlobalSection
EndGlobal
