
Microsoft Visual Studio Solution File, Format Version 12.00
# Visual Studio Version 16
VisualStudioVersion = 16.0.30225.117
MinimumVisualStudioVersion = 10.0.40219.1
Project("{FAE04EC0-301F-11D3-BF4B-00C04F79EFBC}") = "Quiz04-linh", "Quiz04-linh\Quiz04-linh.csproj", "{F5565B0E-DD2C-4FD5-89FD-DF394197C209}"
EndProject
Global
	GlobalSection(SolutionConfigurationPlatforms) = preSolution
		Debug|Any CPU = Debug|Any CPU
		Release|Any CPU = Release|Any CPU
	EndGlobalSection
	GlobalSection(ProjectConfigurationPlatforms) = postSolution
		{F5565B0E-DD2C-4FD5-89FD-DF394197C209}.Debug|Any CPU.ActiveCfg = Debug|Any CPU
		{F5565B0E-DD2C-4FD5-89FD-DF394197C209}.Debug|Any CPU.Build.0 = Debug|Any CPU
		{F5565B0E-DD2C-4FD5-89FD-DF394197C209}.Release|Any CPU.ActiveCfg = Release|Any CPU
		{F5565B0E-DD2C-4FD5-89FD-DF394197C209}.Release|Any CPU.Build.0 = Release|Any CPU
	EndGlobalSection
	GlobalSection(SolutionProperties) = preSolution
		HideSolutionNode = FALSE
	EndGlobalSection
	GlobalSection(ExtensibilityGlobals) = postSolution
		SolutionGuid = {3270BA95-8D8E-46B2-AF92-7BD35F7DBE8A}
	EndGlobalSection
EndGlobal
