
Microsoft Visual Studio Solution File, Format Version 12.00
# Visual Studio Version 16
VisualStudioVersion = 16.0.30225.117
MinimumVisualStudioVersion = 10.0.40219.1
Project("{FAE04EC0-301F-11D3-BF4B-00C04F79EFBC}") = "Exercise04-linh", "Exercise04-linh\Exercise04-linh.csproj", "{672328E6-F572-4DE0-9246-85028A2CDDD0}"
EndProject
Global
	GlobalSection(SolutionConfigurationPlatforms) = preSolution
		Debug|Any CPU = Debug|Any CPU
		Release|Any CPU = Release|Any CPU
	EndGlobalSection
	GlobalSection(ProjectConfigurationPlatforms) = postSolution
		{672328E6-F572-4DE0-9246-85028A2CDDD0}.Debug|Any CPU.ActiveCfg = Debug|Any CPU
		{672328E6-F572-4DE0-9246-85028A2CDDD0}.Debug|Any CPU.Build.0 = Debug|Any CPU
		{672328E6-F572-4DE0-9246-85028A2CDDD0}.Release|Any CPU.ActiveCfg = Release|Any CPU
		{672328E6-F572-4DE0-9246-85028A2CDDD0}.Release|Any CPU.Build.0 = Release|Any CPU
	EndGlobalSection
	GlobalSection(SolutionProperties) = preSolution
		HideSolutionNode = FALSE
	EndGlobalSection
	GlobalSection(ExtensibilityGlobals) = postSolution
		SolutionGuid = {2BDFEBB8-4F7B-481D-AAD3-9CF3994E314B}
	EndGlobalSection
EndGlobal
