
Microsoft Visual Studio Solution File, Format Version 12.00
# Visual Studio Version 16
VisualStudioVersion = 16.0.30225.117
MinimumVisualStudioVersion = 10.0.40219.1
Project("{FAE04EC0-301F-11D3-BF4B-00C04F79EFBC}") = "Exercise05-linh", "Exercise05-linh\Exercise05-linh.csproj", "{3559948E-2CCA-4A5B-AE1D-EF136D83D398}"
EndProject
Global
	GlobalSection(SolutionConfigurationPlatforms) = preSolution
		Debug|Any CPU = Debug|Any CPU
		Release|Any CPU = Release|Any CPU
	EndGlobalSection
	GlobalSection(ProjectConfigurationPlatforms) = postSolution
		{3559948E-2CCA-4A5B-AE1D-EF136D83D398}.Debug|Any CPU.ActiveCfg = Debug|Any CPU
		{3559948E-2CCA-4A5B-AE1D-EF136D83D398}.Debug|Any CPU.Build.0 = Debug|Any CPU
		{3559948E-2CCA-4A5B-AE1D-EF136D83D398}.Release|Any CPU.ActiveCfg = Release|Any CPU
		{3559948E-2CCA-4A5B-AE1D-EF136D83D398}.Release|Any CPU.Build.0 = Release|Any CPU
	EndGlobalSection
	GlobalSection(SolutionProperties) = preSolution
		HideSolutionNode = FALSE
	EndGlobalSection
	GlobalSection(ExtensibilityGlobals) = postSolution
		SolutionGuid = {60E4297D-0BD9-460C-9F83-CA610545F768}
	EndGlobalSection
EndGlobal
