
Microsoft Visual Studio Solution File, Format Version 12.00
# Visual Studio Version 16
VisualStudioVersion = 16.0.30225.117
MinimumVisualStudioVersion = 10.0.40219.1
Project("{FAE04EC0-301F-11D3-BF4B-00C04F79EFBC}") = "Quiz07-linh", "Quiz07-linh\Quiz07-linh.csproj", "{E4FB9167-6233-484B-8970-4B3A92ED15E1}"
EndProject
Global
	GlobalSection(SolutionConfigurationPlatforms) = preSolution
		Debug|Any CPU = Debug|Any CPU
		Release|Any CPU = Release|Any CPU
	EndGlobalSection
	GlobalSection(ProjectConfigurationPlatforms) = postSolution
		{E4FB9167-6233-484B-8970-4B3A92ED15E1}.Debug|Any CPU.ActiveCfg = Debug|Any CPU
		{E4FB9167-6233-484B-8970-4B3A92ED15E1}.Debug|Any CPU.Build.0 = Debug|Any CPU
		{E4FB9167-6233-484B-8970-4B3A92ED15E1}.Release|Any CPU.ActiveCfg = Release|Any CPU
		{E4FB9167-6233-484B-8970-4B3A92ED15E1}.Release|Any CPU.Build.0 = Release|Any CPU
	EndGlobalSection
	GlobalSection(SolutionProperties) = preSolution
		HideSolutionNode = FALSE
	EndGlobalSection
	GlobalSection(ExtensibilityGlobals) = postSolution
		SolutionGuid = {5E8536F9-0BC5-4060-B6DE-2C15E5BA1CF2}
	EndGlobalSection
EndGlobal
