
Microsoft Visual Studio Solution File, Format Version 12.00
# Visual Studio Version 16
VisualStudioVersion = 16.0.30225.117
MinimumVisualStudioVersion = 10.0.40219.1
Project("{FAE04EC0-301F-11D3-BF4B-00C04F79EFBC}") = "Quiz06a-linh", "Quiz06a-linh\Quiz06a-linh.csproj", "{2E3F7C65-14DF-433D-AAF8-B1F2D4222755}"
EndProject
Global
	GlobalSection(SolutionConfigurationPlatforms) = preSolution
		Debug|Any CPU = Debug|Any CPU
		Release|Any CPU = Release|Any CPU
	EndGlobalSection
	GlobalSection(ProjectConfigurationPlatforms) = postSolution
		{2E3F7C65-14DF-433D-AAF8-B1F2D4222755}.Debug|Any CPU.ActiveCfg = Debug|Any CPU
		{2E3F7C65-14DF-433D-AAF8-B1F2D4222755}.Debug|Any CPU.Build.0 = Debug|Any CPU
		{2E3F7C65-14DF-433D-AAF8-B1F2D4222755}.Release|Any CPU.ActiveCfg = Release|Any CPU
		{2E3F7C65-14DF-433D-AAF8-B1F2D4222755}.Release|Any CPU.Build.0 = Release|Any CPU
	EndGlobalSection
	GlobalSection(SolutionProperties) = preSolution
		HideSolutionNode = FALSE
	EndGlobalSection
	GlobalSection(ExtensibilityGlobals) = postSolution
		SolutionGuid = {758BC38D-2FD6-4994-B319-7DD3A7C6031B}
	EndGlobalSection
EndGlobal
